Microsoft Visual Studio Solution File, Format Version 11.00
# Visual Studio 2010
Project("{FAE04EC0-301F-11D3-BF4B-00C04F79EFBC}") = "NServiceBus.Unicast.Transport.RabbitMQ", "NServiceBus.Unicast.Transport.RabbitMQ\NServiceBus.Unicast.Transport.RabbitMQ.csproj", "{53178951-1270-4BAC-B52D-07BEE2197BC9}"
EndProject
Project("{FAE04EC0-301F-11D3-BF4B-00C04F79EFBC}") = "NServiceBus.Unicast.Subscriptions.RabbitMQ", "NServiceBus.Unicast.Subscriptions.RabbitMQ\NServiceBus.Unicast.Subscriptions.RabbitMQ.csproj", "{4973C001-7F92-483E-BFC7-0C613C92CE8E}"
EndProject
Global
	GlobalSection(SolutionConfigurationPlatforms) = preSolution
		Debug|Any CPU = Debug|Any CPU
		Release|Any CPU = Release|Any CPU
	EndGlobalSection
	GlobalSection(ProjectConfigurationPlatforms) = postSolution
		{53178951-1270-4BAC-B52D-07BEE2197BC9}.Debug|Any CPU.ActiveCfg = Debug|Any CPU
		{53178951-1270-4BAC-B52D-07BEE2197BC9}.Debug|Any CPU.Build.0 = Debug|Any CPU
		{53178951-1270-4BAC-B52D-07BEE2197BC9}.Release|Any CPU.ActiveCfg = Release|Any CPU
		{53178951-1270-4BAC-B52D-07BEE2197BC9}.Release|Any CPU.Build.0 = Release|Any CPU
		{4973C001-7F92-483E-BFC7-0C613C92CE8E}.Debug|Any CPU.ActiveCfg = Debug|Any CPU
		{4973C001-7F92-483E-BFC7-0C613C92CE8E}.Debug|Any CPU.Build.0 = Debug|Any CPU
		{4973C001-7F92-483E-BFC7-0C613C92CE8E}.Release|Any CPU.ActiveCfg = Release|Any CPU
		{4973C001-7F92-483E-BFC7-0C613C92CE8E}.Release|Any CPU.Build.0 = Release|Any CPU
	EndGlobalSection
	GlobalSection(SolutionProperties) = preSolution
		HideSolutionNode = FALSE
	EndGlobalSection
EndGlobal
